// !$*UTF8*$!
{
	archiveVersion = 1;
	classes = {
	};
	objectVersion = 56;
	objects = {
/* Begin PBXBuildFile section */
		1A2000000000000000000001 /* VitalsApp.swift in Sources */ = {isa = PBXBuildFile; fileRef = 1A1000000000000000000001 /* VitalsApp.swift */; };
		1A2000000000000000000002 /* AppDelegate.swift in Sources */ = {isa = PBXBuildFile; fileRef = 1A1000000000000000000002 /* AppDelegate.swift */; };
		1A2000000000000000000003 /* MetricsCollector.swift in Sources */ = {isa = PBXBuildFile; fileRef = 1A1000000000000000000003 /* MetricsCollector.swift */; };
		1A2000000000000000000004 /* CPUMetrics.swift in Sources */ = {isa = PBXBuildFile; fileRef = 1A1000000000000000000004 /* CPUMetrics.swift */; };
		1A2000000000000000000005 /* MemoryMetrics.swift in Sources */ = {isa = PBXBuildFile; fileRef = 1A1000000000000000000005 /* MemoryMetrics.swift */; };
		1A2000000000000000000006 /* MemoryPressureMonitor.swift in Sources */ = {isa = PBXBuildFile; fileRef = 1A1000000000000000000006 /* MemoryPressureMonitor.swift */; };
		1A2000000000000000000007 /* StatusPanelView.swift in Sources */ = {isa = PBXBuildFile; fileRef = 1A1000000000000000000007 /* StatusPanelView.swift */; };
		1A2000000000000000000008 /* LaunchAtLogin.swift in Sources */ = {isa = PBXBuildFile; fileRef = 1A1000000000000000000008 /* LaunchAtLogin.swift */; };
		1A2000000000000000000009 /* Assets.xcassets in Resources */ = {isa = PBXBuildFile; fileRef = 1A1000000000000000000009 /* Assets.xcassets */; };
		1A200000000000000000000A /* AppSettings.swift in Sources */ = {isa = PBXBuildFile; fileRef = 1A100000000000000000000A /* AppSettings.swift */; };
		1A200000000000000000000B /* SettingsWindow.swift in Sources */ = {isa = PBXBuildFile; fileRef = 1A100000000000000000000B /* SettingsWindow.swift */; };
		1A200000000000000000000C /* Vitals.icon in Resources */ = {isa = PBXBuildFile; fileRef = 1A100000000000000000000C /* Vitals.icon */; };
/* End PBXBuildFile section */

/* Begin PBXFileReference section */
		1A0300000000000000000001 /* Vitals.app */ = {isa = PBXFileReference; explicitFileType = wrapper.application; includeInIndex = 0; path = Vitals.app; sourceTree = BUILT_PRODUCTS_DIR; };
		1A0300000000000000000002 /* Info.plist */ = {isa = PBXFileReference; lastKnownFileType = text.plist.xml; path = Info.plist; sourceTree = "<group>"; };
		1A0300000000000000000003 /* Vitals.entitlements */ = {isa = PBXFileReference; lastKnownFileType = text.plist.entitlements; path = Vitals.entitlements; sourceTree = "<group>"; };
		1A1000000000000000000001 /* VitalsApp.swift */ = {isa = PBXFileReference; lastKnownFileType = sourcecode.swift; path = VitalsApp.swift; sourceTree = "<group>"; };
		1A1000000000000000000002 /* AppDelegate.swift */ = {isa = PBXFileReference; lastKnownFileType = sourcecode.swift; path = AppDelegate.swift; sourceTree = "<group>"; };
		1A1000000000000000000003 /* MetricsCollector.swift */ = {isa = PBXFileReference; lastKnownFileType = sourcecode.swift; path = MetricsCollector.swift; sourceTree = "<group>"; };
		1A1000000000000000000004 /* CPUMetrics.swift */ = {isa = PBXFileReference; lastKnownFileType = sourcecode.swift; path = CPUMetrics.swift; sourceTree = "<group>"; };
		1A1000000000000000000005 /* MemoryMetrics.swift */ = {isa = PBXFileReference; lastKnownFileType = sourcecode.swift; path = MemoryMetrics.swift; sourceTree = "<group>"; };
		1A1000000000000000000006 /* MemoryPressureMonitor.swift */ = {isa = PBXFileReference; lastKnownFileType = sourcecode.swift; path = MemoryPressureMonitor.swift; sourceTree = "<group>"; };
		1A1000000000000000000007 /* StatusPanelView.swift */ = {isa = PBXFileReference; lastKnownFileType = sourcecode.swift; path = StatusPanelView.swift; sourceTree = "<group>"; };
		1A1000000000000000000008 /* LaunchAtLogin.swift */ = {isa = PBXFileReference; lastKnownFileType = sourcecode.swift; path = LaunchAtLogin.swift; sourceTree = "<group>"; };
		1A1000000000000000000009 /* Assets.xcassets */ = {isa = PBXFileReference; lastKnownFileType = folder.assetcatalog; path = Assets.xcassets; sourceTree = "<group>"; };
		1A100000000000000000000A /* AppSettings.swift */ = {isa = PBXFileReference; lastKnownFileType = sourcecode.swift; path = AppSettings.swift; sourceTree = "<group>"; };
		1A100000000000000000000B /* SettingsWindow.swift */ = {isa = PBXFileReference; lastKnownFileType = sourcecode.swift; path = SettingsWindow.swift; sourceTree = "<group>"; };
		1A100000000000000000000C /* Vitals.icon */ = {isa = PBXFileReference; lastKnownFileType = wrapper.icon; path = Vitals.icon; sourceTree = "<group>"; };
/* End PBXFileReference section */

/* Begin PBXFrameworksBuildPhase section */
		1A3000000000000000000002 /* Frameworks */ = {
			isa = PBXFrameworksBuildPhase;
			buildActionMask = 2147483647;
			files = (
			);
			runOnlyForDeploymentPostprocessing = 0;
		};
/* End PBXFrameworksBuildPhase section */

/* Begin PBXGroup section */
		1A0100000000000000000002 = {
			isa = PBXGroup;
			children = (
				1A0100000000000000000003 /* Vitals */,
				1A0100000000000000000004 /* Products */,
			);
			sourceTree = "<group>";
		};
		1A0100000000000000000004 /* Products */ = {
			isa = PBXGroup;
			children = (
				1A0300000000000000000001 /* Vitals.app */,
			);
			name = Products;
			sourceTree = "<group>";
		};
		1A0100000000000000000003 /* Vitals */ = {
			isa = PBXGroup;
			children = (
				1A1000000000000000000001 /* VitalsApp.swift */,
				1A1000000000000000000002 /* AppDelegate.swift */,
				1A1000000000000000000003 /* MetricsCollector.swift */,
				1A1000000000000000000004 /* CPUMetrics.swift */,
				1A1000000000000000000005 /* MemoryMetrics.swift */,
				1A1000000000000000000006 /* MemoryPressureMonitor.swift */,
				1A1000000000000000000007 /* StatusPanelView.swift */,
				1A1000000000000000000008 /* LaunchAtLogin.swift */,
				1A1000000000000000000009 /* Assets.xcassets */,
				1A100000000000000000000C /* Vitals.icon */,
				1A100000000000000000000A /* AppSettings.swift */,
				1A100000000000000000000B /* SettingsWindow.swift */,
				1A0300000000000000000002 /* Info.plist */,
				1A0300000000000000000003 /* Vitals.entitlements */,
			);
			path = Vitals;
			sourceTree = "<group>";
		};
/* End PBXGroup section */

/* Begin PBXNativeTarget section */
		1A0200000000000000000001 /* Vitals */ = {
			isa = PBXNativeTarget;
			buildConfigurationList = 1A4000000000000000000004 /* Build configuration list for PBXNativeTarget "Vitals" */;
			buildPhases = (
				1A3000000000000000000001 /* Sources */,
				1A3000000000000000000002 /* Frameworks */,
				1A3000000000000000000003 /* Resources */,
			);
			buildRules = (
			);
			dependencies = (
			);
			name = Vitals;
			productName = Vitals;
			productReference = 1A0300000000000000000001 /* Vitals.app */;
			productType = "com.apple.product-type.application";
		};
/* End PBXNativeTarget section */

/* Begin PBXProject section */
		1A0100000000000000000001 /* Project object */ = {
			isa = PBXProject;
			attributes = {
				BuildIndependentTargets = (
				);
				LastSwiftUpdateCheck = 1500;
				LastUpgradeCheck = 1500;
				TargetAttributes = {
					1A0200000000000000000001 = {
						CreatedOnToolsVersion = 15.0;
					};
				};
			};
			buildConfigurationList = 1A4000000000000000000001 /* Build configuration list for PBXProject "Vitals" */;
			compatibilityVersion = "Xcode 14.0";
			developmentRegion = en;
			hasScannedForEncodings = 0;
			knownRegions = (
				en,
				Base,
			);
			mainGroup = 1A0100000000000000000002;
			productRefGroup = 1A0100000000000000000004 /* Products */;
			projectDirPath = "";
			projectRoot = "";
			targets = (
				1A0200000000000000000001 /* Vitals */,
			);
		};
/* End PBXProject section */

/* Begin PBXResourcesBuildPhase section */
		1A3000000000000000000003 /* Resources */ = {
			isa = PBXResourcesBuildPhase;
			buildActionMask = 2147483647;
			files = (
				1A2000000000000000000009 /* Assets.xcassets in Resources */,
				1A200000000000000000000C /* Vitals.icon in Resources */,
			);
			runOnlyForDeploymentPostprocessing = 0;
		};
/* End PBXResourcesBuildPhase section */

/* Begin PBXSourcesBuildPhase section */
		1A3000000000000000000001 /* Sources */ = {
			isa = PBXSourcesBuildPhase;
			buildActionMask = 2147483647;
			files = (
				1A2000000000000000000001 /* VitalsApp.swift in Sources */,
				1A2000000000000000000002 /* AppDelegate.swift in Sources */,
				1A2000000000000000000003 /* MetricsCollector.swift in Sources */,
				1A2000000000000000000004 /* CPUMetrics.swift in Sources */,
				1A2000000000000000000005 /* MemoryMetrics.swift in Sources */,
				1A2000000000000000000006 /* MemoryPressureMonitor.swift in Sources */,
				1A2000000000000000000007 /* StatusPanelView.swift in Sources */,
				1A2000000000000000000008 /* LaunchAtLogin.swift in Sources */,
				1A200000000000000000000A /* AppSettings.swift in Sources */,
				1A200000000000000000000B /* SettingsWindow.swift in Sources */,
			);
			runOnlyForDeploymentPostprocessing = 0;
		};
/* End PBXSourcesBuildPhase section */

/* Begin XCBuildConfiguration section */
		1A4000000000000000000002 /* Debug */ = {
			isa = XCBuildConfiguration;
			buildSettings = {
				ALWAYS_SEARCH_USER_PATHS = NO;
				ASSETCATALOG_COMPILER_GENERATE_ASSET_SYMBOLS = YES;
				CLANG_ANALYZER_NONNULL = YES;
				CLANG_ANALYZER_NUMBER_OBJECT_CONVERSION = YES_AGGRESSIVE;
				CLANG_CXX_LANGUAGE_STANDARD = "gnu++20";
				CLANG_ENABLE_MODULES = YES;
				CLANG_ENABLE_OBJC_ARC = YES;
				CLANG_ENABLE_OBJC_WEAK = YES;
				CLANG_WARN_BLOCK_CAPTURE_AUTORELEASING = YES;
				CLANG_WARN_BOOL_CONVERSION = YES;
				CLANG_WARN_COMMA = YES;
				CLANG_WARN_CONSTANT_CONVERSION = YES;
				CLANG_WARN_DEPRECATED_OBJC_IMPLEMENTATIONS = YES;
				CLANG_WARN_DIRECT_OBJC_ISA_USAGE = YES_ERROR;
				CLANG_WARN_DOCUMENTATION_COMMENTS = YES;
				CLANG_WARN_EMPTY_BODY = YES;
				CLANG_WARN_ENUM_CONVERSION = YES;
				CLANG_WARN_INFINITE_RECURSION = YES;
				CLANG_WARN_INT_CONVERSION = YES;
				CLANG_WARN_NON_LITERAL_NULL_CONVERSION = YES;
				CLANG_WARN_OBJC_LITERAL_CONVERSION = YES;
				CLANG_WARN_OBJC_ROOT_CLASS = YES_ERROR;
				CLANG_WARN_QUOTED_INCLUDE_IN_FRAMEWORK_HEADER = YES;
				CLANG_WARN_RANGE_LOOP_ANALYSIS = YES;
				CLANG_WARN_STRICT_PROTOTYPES = YES;
				CLANG_WARN_SUSPICIOUS_MOVE = YES;
				CLANG_WARN_UNGUARDED_AVAILABILITY = YES_AGGRESSIVE;
				CLANG_WARN_UNREACHABLE_CODE = YES;
				CLANG_WARN__DUPLICATE_METHOD_MATCH = YES;
				COPY_PHASE_STRIP = NO;
				DEBUG_INFORMATION_FORMAT = dwarf;
				ENABLE_STRICT_OBJC_MSGSEND = YES;
				ENABLE_TESTABILITY = YES;
				ENABLE_USER_SCRIPT_SANDBOXING = YES;
				GCC_C_LANGUAGE_STANDARD = gnu17;
				GCC_DYNAMIC_NO_PIC = NO;
				GCC_NO_COMMON_BLOCKS = YES;
				GCC_OPTIMIZATION_LEVEL = 0;
				GCC_PREPROCESSOR_DEFINITIONS = (
					"DEBUG=1",
					"$(inherited)",
				);
				GCC_WARN_64_TO_32_BIT_CONVERSION = YES;
				GCC_WARN_ABOUT_RETURN_TYPE = YES_ERROR;
				GCC_WARN_UNDECLARED_SELECTOR = YES;
				GCC_WARN_UNINITIALIZED_AUTOS = YES_AGGRESSIVE;
				GCC_WARN_UNUSED_FUNCTION = YES;
				GCC_WARN_UNUSED_VARIABLE = YES;
				MACOSX_DEPLOYMENT_TARGET = 14.0;
				MTL_ENABLE_DEBUG_INFO = INCLUDE_SOURCE;
				MTL_FAST_MATH = YES;
				ONLY_ACTIVE_ARCH = YES;
				SDKROOT = macosx;
				SWIFT_ACTIVE_COMPILATION_CONDITIONS = (
					DEBUG,
					"$(inherited)",
				);
				SWIFT_OPTIMIZATION_LEVEL = "-Onone";
			};
			name = Debug;
		};
		1A4000000000000000000003 /* Release */ = {
			isa = XCBuildConfiguration;
			buildSettings = {
				ALWAYS_SEARCH_USER_PATHS = NO;
				ASSETCATALOG_COMPILER_GENERATE_ASSET_SYMBOLS = YES;
				CLANG_ANALYZER_NONNULL = YES;
				CLANG_ANALYZER_NUMBER_OBJECT_CONVERSION = YES_AGGRESSIVE;
				CLANG_CXX_LANGUAGE_STANDARD = "gnu++20";
				CLANG_ENABLE_MODULES = YES;
				CLANG_ENABLE_OBJC_ARC = YES;
				CLANG_ENABLE_OBJC_WEAK = YES;
				CLANG_WARN_BLOCK_CAPTURE_AUTORELEASING = YES;
				CLANG_WARN_BOOL_CONVERSION = YES;
				CLANG_WARN_COMMA = YES;
				CLANG_WARN_CONSTANT_CONVERSION = YES;
				CLANG_WARN_DEPRECATED_OBJC_IMPLEMENTATIONS = YES;
				CLANG_WARN_DIRECT_OBJC_ISA_USAGE = YES_ERROR;
				CLANG_WARN_DOCUMENTATION_COMMENTS = YES;
				CLANG_WARN_EMPTY_BODY = YES;
				CLANG_WARN_ENUM_CONVERSION = YES;
				CLANG_WARN_INFINITE_RECURSION = YES;
				CLANG_WARN_INT_CONVERSION = YES;
				CLANG_WARN_NON_LITERAL_NULL_CONVERSION = YES;
				CLANG_WARN_OBJC_LITERAL_CONVERSION = YES;
				CLANG_WARN_OBJC_ROOT_CLASS = YES_ERROR;
				CLANG_WARN_QUOTED_INCLUDE_IN_FRAMEWORK_HEADER = YES;
				CLANG_WARN_RANGE_LOOP_ANALYSIS = YES;
				CLANG_WARN_STRICT_PROTOTYPES = YES;
				CLANG_WARN_SUSPICIOUS_MOVE = YES;
				CLANG_WARN_UNGUARDED_AVAILABILITY = YES_AGGRESSIVE;
				CLANG_WARN_UNREACHABLE_CODE = YES;
				CLANG_WARN__DUPLICATE_METHOD_MATCH = YES;
				COPY_PHASE_STRIP = NO;
				DEBUG_INFORMATION_FORMAT = "dwarf-with-dsym";
				ENABLE_NS_ASSERTIONS = NO;
				ENABLE_STRICT_OBJC_MSGSEND = YES;
				ENABLE_USER_SCRIPT_SANDBOXING = YES;
				GCC_C_LANGUAGE_STANDARD = gnu17;
				GCC_NO_COMMON_BLOCKS = YES;
				GCC_WARN_64_TO_32_BIT_CONVERSION = YES;
				GCC_WARN_ABOUT_RETURN_TYPE = YES_ERROR;
				GCC_WARN_UNDECLARED_SELECTOR = YES;
				GCC_WARN_UNINITIALIZED_AUTOS = YES_AGGRESSIVE;
				GCC_WARN_UNUSED_FUNCTION = YES;
				GCC_WARN_UNUSED_VARIABLE = YES;
				MACOSX_DEPLOYMENT_TARGET = 14.0;
				MTL_ENABLE_DEBUG_INFO = NO;
				MTL_FAST_MATH = YES;
				SDKROOT = macosx;
				SWIFT_COMPILATION_MODE = wholemodule;
				SWIFT_OPTIMIZATION_LEVEL = "-O";
			};
			name = Release;
		};
		1A4000000000000000000005 /* Debug */ = {
			isa = XCBuildConfiguration;
			buildSettings = {
				ASSETCATALOG_COMPILER_APPICON_NAME = Vitals;
				CODE_SIGN_ENTITLEMENTS = Vitals/Vitals.entitlements;
				CODE_SIGN_IDENTITY = "-";
				CODE_SIGN_STYLE = Automatic;
				COMBINE_HIDPI_IMAGES = YES;
				CURRENT_PROJECT_VERSION = 1;
				DEVELOPMENT_TEAM = "";
				ENABLE_HARDENED_RUNTIME = NO;
				GENERATE_INFOPLIST_FILE = NO;
				INFOPLIST_FILE = Vitals/Info.plist;
				LD_RUNPATH_SEARCH_PATHS = (
					"$(inherited)",
					"@executable_path/../Frameworks",
				);
				MARKETING_VERSION = 1.0;
				PRODUCT_BUNDLE_IDENTIFIER = "com.eli.Vitals";
				PRODUCT_NAME = "$(TARGET_NAME)";
				SWIFT_EMIT_LOC_STRINGS = YES;
				SWIFT_STRICT_CONCURRENCY = minimal;
				SWIFT_VERSION = 5.0;
			};
			name = Debug;
		};
		1A4000000000000000000006 /* Release */ = {
			isa = XCBuildConfiguration;
			buildSettings = {
				ASSETCATALOG_COMPILER_APPICON_NAME = Vitals;
				CODE_SIGN_ENTITLEMENTS = Vitals/Vitals.entitlements;
				CODE_SIGN_IDENTITY = "-";
				CODE_SIGN_STYLE = Automatic;
				COMBINE_HIDPI_IMAGES = YES;
				CURRENT_PROJECT_VERSION = 1;
				DEVELOPMENT_TEAM = "";
				ENABLE_HARDENED_RUNTIME = NO;
				GENERATE_INFOPLIST_FILE = NO;
				INFOPLIST_FILE = Vitals/Info.plist;
				LD_RUNPATH_SEARCH_PATHS = (
					"$(inherited)",
					"@executable_path/../Frameworks",
				);
				MARKETING_VERSION = 1.0;
				PRODUCT_BUNDLE_IDENTIFIER = "com.eli.Vitals";
				PRODUCT_NAME = "$(TARGET_NAME)";
				SWIFT_EMIT_LOC_STRINGS = YES;
				SWIFT_STRICT_CONCURRENCY = minimal;
				SWIFT_VERSION = 5.0;
			};
			name = Release;
		};
/* End XCBuildConfiguration section */

/* Begin XCConfigurationList section */
		1A4000000000000000000001 /* Build configuration list for PBXProject "Vitals" */ = {
			isa = XCConfigurationList;
			buildConfigurations = (
				1A4000000000000000000002 /* Debug */,
				1A4000000000000000000003 /* Release */,
			);
			defaultConfigurationIsVisible = 0;
			defaultConfigurationName = Release;
		};
		1A4000000000000000000004 /* Build configuration list for PBXNativeTarget "Vitals" */ = {
			isa = XCConfigurationList;
			buildConfigurations = (
				1A4000000000000000000005 /* Debug */,
				1A4000000000000000000006 /* Release */,
			);
			defaultConfigurationIsVisible = 0;
			defaultConfigurationName = Release;
		};
/* End XCConfigurationList section */
	};
	rootObject = 1A0100000000000000000001 /* Project object */;
}
